
Microsoft Visual Studio Solution File, Format Version 12.00
# Visual Studio Version 17
VisualStudioVersion = 17.5.33516.290
MinimumVisualStudioVersion = 10.0.40219.1
Project("{FAE04EC0-301F-11D3-BF4B-00C04F79EFBC}") = "Calculator form", "Calculator form.csproj", "{8366AC9F-ABFB-4D35-8897-5914E4468935}"
EndProject
Global
	GlobalSection(SolutionConfigurationPlatforms) = preSolution
		Debug|Any CPU = Debug|Any CPU
		Release|Any CPU = Release|Any CPU
	EndGlobalSection
	GlobalSection(ProjectConfigurationPlatforms) = postSolution
		{8366AC9F-ABFB-4D35-8897-5914E4468935}.Debug|Any CPU.ActiveCfg = Debug|Any CPU
		{8366AC9F-ABFB-4D35-8897-5914E4468935}.Debug|Any CPU.Build.0 = Debug|Any CPU
		{8366AC9F-ABFB-4D35-8897-5914E4468935}.Release|Any CPU.ActiveCfg = Release|Any CPU
		{8366AC9F-ABFB-4D35-8897-5914E4468935}.Release|Any CPU.Build.0 = Release|Any CPU
	EndGlobalSection
	GlobalSection(SolutionProperties) = preSolution
		HideSolutionNode = FALSE
	EndGlobalSection
	GlobalSection(ExtensibilityGlobals) = postSolution
		SolutionGuid = {C08FD2F4-2A26-4ADC-ABF8-C9D9CC463C74}
	EndGlobalSection
EndGlobal
